
Microsoft Visual Studio Solution File, Format Version 12.00
# Visual Studio Version 17
VisualStudioVersion = 17.0.31612.314
MinimumVisualStudioVersion = 10.0.40219.1
Project("{9A19103F-16F7-4668-BE54-9A1E7A4F7556}") = "Mandible", "Mandible\Mandible.csproj", "{87B2AB12-F55F-44FA-AD31-8E0AA108D761}"
EndProject
Project("{9A19103F-16F7-4668-BE54-9A1E7A4F7556}") = "Mandible.Cli", "Mandible.Cli\Mandible.Cli.csproj", "{2838CEEF-6657-40B6-BEE4-2682FAC90B36}"
EndProject
Project("{9A19103F-16F7-4668-BE54-9A1E7A4F7556}") = "Mandible.Tests", "Mandible.Tests\Mandible.Tests.csproj", "{AB75BE2D-295C-477A-A69F-2A243EC26580}"
EndProject
Project("{9A19103F-16F7-4668-BE54-9A1E7A4F7556}") = "Mandible.Benchmarks", "Mandible.Benchmarks\Mandible.Benchmarks.csproj", "{D16F0A49-20C5-40B6-8B7D-D3E25D45CB39}"
EndProject
Project("{9A19103F-16F7-4668-BE54-9A1E7A4F7556}") = "Mandible.Zng", "Mandible.Zng\Mandible.Zng.csproj", "{7D027B5A-CA96-47FA-86CA-A1161FC302D0}"
EndProject
Project("{2150E333-8FDC-42A3-9474-1A3956D46DE8}") = "Solution Items", "Solution Items", "{3D16159B-B1F1-453B-BCC1-F5453CE38DFE}"
	ProjectSection(SolutionItems) = preProject
		.editorconfig = .editorconfig
	EndProjectSection
EndProject
Global
	GlobalSection(SolutionConfigurationPlatforms) = preSolution
		Debug|Any CPU = Debug|Any CPU
		Release|Any CPU = Release|Any CPU
	EndGlobalSection
	GlobalSection(ProjectConfigurationPlatforms) = postSolution
		{87B2AB12-F55F-44FA-AD31-8E0AA108D761}.Debug|Any CPU.ActiveCfg = Debug|Any CPU
		{87B2AB12-F55F-44FA-AD31-8E0AA108D761}.Debug|Any CPU.Build.0 = Debug|Any CPU
		{87B2AB12-F55F-44FA-AD31-8E0AA108D761}.Release|Any CPU.ActiveCfg = Release|Any CPU
		{87B2AB12-F55F-44FA-AD31-8E0AA108D761}.Release|Any CPU.Build.0 = Release|Any CPU
		{2838CEEF-6657-40B6-BEE4-2682FAC90B36}.Debug|Any CPU.ActiveCfg = Debug|Any CPU
		{2838CEEF-6657-40B6-BEE4-2682FAC90B36}.Debug|Any CPU.Build.0 = Debug|Any CPU
		{2838CEEF-6657-40B6-BEE4-2682FAC90B36}.Release|Any CPU.ActiveCfg = Release|Any CPU
		{2838CEEF-6657-40B6-BEE4-2682FAC90B36}.Release|Any CPU.Build.0 = Release|Any CPU
		{AB75BE2D-295C-477A-A69F-2A243EC26580}.Debug|Any CPU.ActiveCfg = Debug|Any CPU
		{AB75BE2D-295C-477A-A69F-2A243EC26580}.Debug|Any CPU.Build.0 = Debug|Any CPU
		{AB75BE2D-295C-477A-A69F-2A243EC26580}.Release|Any CPU.ActiveCfg = Release|Any CPU
		{AB75BE2D-295C-477A-A69F-2A243EC26580}.Release|Any CPU.Build.0 = Release|Any CPU
		{D16F0A49-20C5-40B6-8B7D-D3E25D45CB39}.Debug|Any CPU.ActiveCfg = Debug|Any CPU
		{D16F0A49-20C5-40B6-8B7D-D3E25D45CB39}.Debug|Any CPU.Build.0 = Debug|Any CPU
		{D16F0A49-20C5-40B6-8B7D-D3E25D45CB39}.Release|Any CPU.ActiveCfg = Release|Any CPU
		{D16F0A49-20C5-40B6-8B7D-D3E25D45CB39}.Release|Any CPU.Build.0 = Release|Any CPU
		{7D027B5A-CA96-47FA-86CA-A1161FC302D0}.Debug|Any CPU.ActiveCfg = Debug|Any CPU
		{7D027B5A-CA96-47FA-86CA-A1161FC302D0}.Debug|Any CPU.Build.0 = Debug|Any CPU
		{7D027B5A-CA96-47FA-86CA-A1161FC302D0}.Release|Any CPU.ActiveCfg = Release|Any CPU
		{7D027B5A-CA96-47FA-86CA-A1161FC302D0}.Release|Any CPU.Build.0 = Release|Any CPU
	EndGlobalSection
	GlobalSection(SolutionProperties) = preSolution
		HideSolutionNode = FALSE
	EndGlobalSection
	GlobalSection(ExtensibilityGlobals) = postSolution
		SolutionGuid = {E14FF28B-461B-4879-92BE-531C880EE62E}
	EndGlobalSection
EndGlobal
